
Microsoft Visual Studio Solution File, Format Version 12.00
# Visual Studio Version 17
VisualStudioVersion = 17.13.35818.85 d17.13
MinimumVisualStudioVersion = 10.0.40219.1
Project("{FAE04EC0-301F-11D3-BF4B-00C04F79EFBC}") = "EShopBackend", "EShopBackend\EShopBackend.csproj", "{597C7D57-9615-4C23-9238-749982BADF03}"
EndProject
Global
	GlobalSection(SolutionConfigurationPlatforms) = preSolution
		Debug|Any CPU = Debug|Any CPU
		Release|Any CPU = Release|Any CPU
	EndGlobalSection
	GlobalSection(ProjectConfigurationPlatforms) = postSolution
		{597C7D57-9615-4C23-9238-749982BADF03}.Debug|Any CPU.ActiveCfg = Debug|Any CPU
		{597C7D57-9615-4C23-9238-749982BADF03}.Debug|Any CPU.Build.0 = Debug|Any CPU
		{597C7D57-9615-4C23-9238-749982BADF03}.Release|Any CPU.ActiveCfg = Release|Any CPU
		{597C7D57-9615-4C23-9238-749982BADF03}.Release|Any CPU.Build.0 = Release|Any CPU
	EndGlobalSection
	GlobalSection(SolutionProperties) = preSolution
		HideSolutionNode = FALSE
	EndGlobalSection
	GlobalSection(ExtensibilityGlobals) = postSolution
		SolutionGuid = {48C9F752-4F0A-4229-AA76-536F9212A196}
	EndGlobalSection
EndGlobal
